// !$*UTF8*$!
{
	archiveVersion = 1;
	classes = {
	};
	objectVersion = 55;
	objects = {

/* Begin PBXBuildFile section */
		558DB183289A57D900CF2B05 /* AppDelegate.swift in Sources */ = {isa = PBXBuildFile; fileRef = 558DB182289A57D900CF2B05 /* AppDelegate.swift */; };
		558DB18C289A57DB00CF2B05 /* Assets.xcassets in Resources */ = {isa = PBXBuildFile; fileRef = 558DB18B289A57DB00CF2B05 /* Assets.xcassets */; };
		558DB18F289A57DB00CF2B05 /* LaunchScreen.storyboard in Resources */ = {isa = PBXBuildFile; fileRef = 558DB18D289A57DB00CF2B05 /* LaunchScreen.storyboard */; };
		558DB198289A68BC00CF2B05 /* MainViewController.swift in Sources */ = {isa = PBXBuildFile; fileRef = 558DB196289A68BC00CF2B05 /* MainViewController.swift */; };
		558DB199289A68BC00CF2B05 /* MainViewController.xib in Resources */ = {isa = PBXBuildFile; fileRef = 558DB197289A68BC00CF2B05 /* MainViewController.xib */; };
		558DB19C289A6A7600CF2B05 /* ProfileViewController.swift in Sources */ = {isa = PBXBuildFile; fileRef = 558DB19A289A6A7600CF2B05 /* ProfileViewController.swift */; };
		558DB19D289A6A7600CF2B05 /* ProfileViewController.xib in Resources */ = {isa = PBXBuildFile; fileRef = 558DB19B289A6A7600CF2B05 /* ProfileViewController.xib */; };
		558DB1A4289A720D00CF2B05 /* FavoriteViewController.swift in Sources */ = {isa = PBXBuildFile; fileRef = 558DB1A2289A720D00CF2B05 /* FavoriteViewController.swift */; };
		558DB1A5289A720D00CF2B05 /* FavoriteViewController.xib in Resources */ = {isa = PBXBuildFile; fileRef = 558DB1A3289A720D00CF2B05 /* FavoriteViewController.xib */; };
		558DB1A9289A72CE00CF2B05 /* TabBarModel.swift in Sources */ = {isa = PBXBuildFile; fileRef = 558DB1A8289A72CE00CF2B05 /* TabBarModel.swift */; };
		558DB1AB289A91A100CF2B05 /* TabBarConfigurator.swift in Sources */ = {isa = PBXBuildFile; fileRef = 558DB1AA289A91A100CF2B05 /* TabBarConfigurator.swift */; };
		558DB1B4289BAD8E00CF2B05 /* SearchViewController.swift in Sources */ = {isa = PBXBuildFile; fileRef = 558DB1B2289BAD8E00CF2B05 /* SearchViewController.swift */; };
		558DB1B5289BAD8E00CF2B05 /* SearchViewController.xib in Resources */ = {isa = PBXBuildFile; fileRef = 558DB1B3289BAD8E00CF2B05 /* SearchViewController.xib */; };
		55EAB9ED289EF5FF00D608B1 /* MainModel.swift in Sources */ = {isa = PBXBuildFile; fileRef = 55EAB9EC289EF5FF00D608B1 /* MainModel.swift */; };
		55EAB9F3289F006E00D608B1 /* MainItemCollectionViewCell.swift in Sources */ = {isa = PBXBuildFile; fileRef = 55EAB9F1289F006E00D608B1 /* MainItemCollectionViewCell.swift */; };
		55EAB9F4289F006E00D608B1 /* MainItemCollectionViewCell.xib in Resources */ = {isa = PBXBuildFile; fileRef = 55EAB9F2289F006E00D608B1 /* MainItemCollectionViewCell.xib */; };
		55EAB9F8289FDE3A00D608B1 /* DetailViewController.swift in Sources */ = {isa = PBXBuildFile; fileRef = 55EAB9F6289FDE3A00D608B1 /* DetailViewController.swift */; };
		55EAB9F9289FDE3A00D608B1 /* DetailViewController.xib in Resources */ = {isa = PBXBuildFile; fileRef = 55EAB9F7289FDE3A00D608B1 /* DetailViewController.xib */; };
/* End PBXBuildFile section */

/* Begin PBXFileReference section */
		558DB17F289A57D900CF2B05 /* SurfSummerSchoolProject.app */ = {isa = PBXFileReference; explicitFileType = wrapper.application; includeInIndex = 0; path = SurfSummerSchoolProject.app; sourceTree = BUILT_PRODUCTS_DIR; };
		558DB182289A57D900CF2B05 /* AppDelegate.swift */ = {isa = PBXFileReference; lastKnownFileType = sourcecode.swift; path = AppDelegate.swift; sourceTree = "<group>"; };
		558DB18B289A57DB00CF2B05 /* Assets.xcassets */ = {isa = PBXFileReference; lastKnownFileType = folder.assetcatalog; path = Assets.xcassets; sourceTree = "<group>"; };
		558DB18E289A57DB00CF2B05 /* Base */ = {isa = PBXFileReference; lastKnownFileType = file.storyboard; name = Base; path = Base.lproj/LaunchScreen.storyboard; sourceTree = "<group>"; };
		558DB190289A57DB00CF2B05 /* Info.plist */ = {isa = PBXFileReference; lastKnownFileType = text.plist.xml; path = Info.plist; sourceTree = "<group>"; };
		558DB196289A68BC00CF2B05 /* MainViewController.swift */ = {isa = PBXFileReference; lastKnownFileType = sourcecode.swift; path = MainViewController.swift; sourceTree = "<group>"; };
		558DB197289A68BC00CF2B05 /* MainViewController.xib */ = {isa = PBXFileReference; lastKnownFileType = file.xib; path = MainViewController.xib; sourceTree = "<group>"; };
		558DB19A289A6A7600CF2B05 /* ProfileViewController.swift */ = {isa = PBXFileReference; lastKnownFileType = sourcecode.swift; path = ProfileViewController.swift; sourceTree = "<group>"; };
		558DB19B289A6A7600CF2B05 /* ProfileViewController.xib */ = {isa = PBXFileReference; lastKnownFileType = file.xib; path = ProfileViewController.xib; sourceTree = "<group>"; };
		558DB1A2289A720D00CF2B05 /* FavoriteViewController.swift */ = {isa = PBXFileReference; lastKnownFileType = sourcecode.swift; path = FavoriteViewController.swift; sourceTree = "<group>"; };
		558DB1A3289A720D00CF2B05 /* FavoriteViewController.xib */ = {isa = PBXFileReference; lastKnownFileType = file.xib; path = FavoriteViewController.xib; sourceTree = "<group>"; };
		558DB1A8289A72CE00CF2B05 /* TabBarModel.swift */ = {isa = PBXFileReference; lastKnownFileType = sourcecode.swift; path = TabBarModel.swift; sourceTree = "<group>"; };
		558DB1AA289A91A100CF2B05 /* TabBarConfigurator.swift */ = {isa = PBXFileReference; lastKnownFileType = sourcecode.swift; path = TabBarConfigurator.swift; sourceTree = "<group>"; };
		558DB1B2289BAD8E00CF2B05 /* SearchViewController.swift */ = {isa = PBXFileReference; lastKnownFileType = sourcecode.swift; path = SearchViewController.swift; sourceTree = "<group>"; };
		558DB1B3289BAD8E00CF2B05 /* SearchViewController.xib */ = {isa = PBXFileReference; lastKnownFileType = file.xib; path = SearchViewController.xib; sourceTree = "<group>"; };
		55EAB9EC289EF5FF00D608B1 /* MainModel.swift */ = {isa = PBXFileReference; lastKnownFileType = sourcecode.swift; path = MainModel.swift; sourceTree = "<group>"; };
		55EAB9F1289F006E00D608B1 /* MainItemCollectionViewCell.swift */ = {isa = PBXFileReference; lastKnownFileType = sourcecode.swift; path = MainItemCollectionViewCell.swift; sourceTree = "<group>"; };
		55EAB9F2289F006E00D608B1 /* MainItemCollectionViewCell.xib */ = {isa = PBXFileReference; lastKnownFileType = file.xib; path = MainItemCollectionViewCell.xib; sourceTree = "<group>"; };
		55EAB9F6289FDE3A00D608B1 /* DetailViewController.swift */ = {isa = PBXFileReference; lastKnownFileType = sourcecode.swift; path = DetailViewController.swift; sourceTree = "<group>"; };
		55EAB9F7289FDE3A00D608B1 /* DetailViewController.xib */ = {isa = PBXFileReference; lastKnownFileType = file.xib; path = DetailViewController.xib; sourceTree = "<group>"; };
/* End PBXFileReference section */

/* Begin PBXFrameworksBuildPhase section */
		558DB17C289A57D900CF2B05 /* Frameworks */ = {
			isa = PBXFrameworksBuildPhase;
			buildActionMask = 2147483647;
			files = (
			);
			runOnlyForDeploymentPostprocessing = 0;
		};
/* End PBXFrameworksBuildPhase section */

/* Begin PBXGroup section */
		558DB176289A57D800CF2B05 = {
			isa = PBXGroup;
			children = (
				558DB181289A57D900CF2B05 /* SurfSummerSchoolProject */,
				558DB180289A57D900CF2B05 /* Products */,
			);
			sourceTree = "<group>";
		};
		558DB180289A57D900CF2B05 /* Products */ = {
			isa = PBXGroup;
			children = (
				558DB17F289A57D900CF2B05 /* SurfSummerSchoolProject.app */,
			);
			name = Products;
			sourceTree = "<group>";
		};
		558DB181289A57D900CF2B05 /* SurfSummerSchoolProject */ = {
			isa = PBXGroup;
			children = (
				558DB182289A57D900CF2B05 /* AppDelegate.swift */,
				558DB1A6289A725900CF2B05 /* Application */,
				558DB19E289A71B300CF2B05 /* MainFlow */,
			);
			path = SurfSummerSchoolProject;
			sourceTree = "<group>";
		};
		558DB19E289A71B300CF2B05 /* MainFlow */ = {
			isa = PBXGroup;
			children = (
				55EAB9F5289FDDD200D608B1 /* DetailModule */,
				558DB1AF289BAD0900CF2B05 /* SearchViewController */,
				558DB1A7289A72BC00CF2B05 /* TabBar */,
				558DB1A1289A71F200CF2B05 /* FavoriteModule */,
				558DB1A0289A71D500CF2B05 /* ProfileModule */,
				558DB19F289A71BD00CF2B05 /* MainModule */,
			);
			path = MainFlow;
			sourceTree = "<group>";
		};
		558DB19F289A71BD00CF2B05 /* MainModule */ = {
			isa = PBXGroup;
			children = (
				55EAB9F0289F002700D608B1 /* Cells */,
				558DB196289A68BC00CF2B05 /* MainViewController.swift */,
				558DB197289A68BC00CF2B05 /* MainViewController.xib */,
				55EAB9EC289EF5FF00D608B1 /* MainModel.swift */,
			);
			path = MainModule;
			sourceTree = "<group>";
		};
		558DB1A0289A71D500CF2B05 /* ProfileModule */ = {
			isa = PBXGroup;
			children = (
				558DB19A289A6A7600CF2B05 /* ProfileViewController.swift */,
				558DB19B289A6A7600CF2B05 /* ProfileViewController.xib */,
			);
			path = ProfileModule;
			sourceTree = "<group>";
		};
		558DB1A1289A71F200CF2B05 /* FavoriteModule */ = {
			isa = PBXGroup;
			children = (
				558DB1A2289A720D00CF2B05 /* FavoriteViewController.swift */,
				558DB1A3289A720D00CF2B05 /* FavoriteViewController.xib */,
			);
			path = FavoriteModule;
			sourceTree = "<group>";
		};
		558DB1A6289A725900CF2B05 /* Application */ = {
			isa = PBXGroup;
			children = (
				558DB190289A57DB00CF2B05 /* Info.plist */,
				558DB18B289A57DB00CF2B05 /* Assets.xcassets */,
				558DB18D289A57DB00CF2B05 /* LaunchScreen.storyboard */,
			);
			path = Application;
			sourceTree = "<group>";
		};
		558DB1A7289A72BC00CF2B05 /* TabBar */ = {
			isa = PBXGroup;
			children = (
				558DB1A8289A72CE00CF2B05 /* TabBarModel.swift */,
				558DB1AA289A91A100CF2B05 /* TabBarConfigurator.swift */,
			);
			path = TabBar;
			sourceTree = "<group>";
		};
		558DB1AF289BAD0900CF2B05 /* SearchViewController */ = {
			isa = PBXGroup;
			children = (
				558DB1B2289BAD8E00CF2B05 /* SearchViewController.swift */,
				558DB1B3289BAD8E00CF2B05 /* SearchViewController.xib */,
			);
			path = SearchViewController;
			sourceTree = "<group>";
		};
		55EAB9F0289F002700D608B1 /* Cells */ = {
			isa = PBXGroup;
			children = (
				55EAB9F1289F006E00D608B1 /* MainItemCollectionViewCell.swift */,
				55EAB9F2289F006E00D608B1 /* MainItemCollectionViewCell.xib */,
			);
			path = Cells;
			sourceTree = "<group>";
		};
		55EAB9F5289FDDD200D608B1 /* DetailModule */ = {
			isa = PBXGroup;
			children = (
				55EAB9F6289FDE3A00D608B1 /* DetailViewController.swift */,
				55EAB9F7289FDE3A00D608B1 /* DetailViewController.xib */,
			);
			path = DetailModule;
			sourceTree = "<group>";
		};
/* End PBXGroup section */

/* Begin PBXNativeTarget section */
		558DB17E289A57D900CF2B05 /* SurfSummerSchoolProject */ = {
			isa = PBXNativeTarget;
			buildConfigurationList = 558DB193289A57DB00CF2B05 /* Build configuration list for PBXNativeTarget "SurfSummerSchoolProject" */;
			buildPhases = (
				558DB17B289A57D900CF2B05 /* Sources */,
				558DB17C289A57D900CF2B05 /* Frameworks */,
				558DB17D289A57D900CF2B05 /* Resources */,
			);
			buildRules = (
			);
			dependencies = (
			);
			name = SurfSummerSchoolProject;
			productName = SurfSummerSchoolProject;
			productReference = 558DB17F289A57D900CF2B05 /* SurfSummerSchoolProject.app */;
			productType = "com.apple.product-type.application";
		};
/* End PBXNativeTarget section */

/* Begin PBXProject section */
		558DB177289A57D800CF2B05 /* Project object */ = {
			isa = PBXProject;
			attributes = {
				BuildIndependentTargetsInParallel = 1;
				LastSwiftUpdateCheck = 1330;
				LastUpgradeCheck = 1330;
				TargetAttributes = {
					558DB17E289A57D900CF2B05 = {
						CreatedOnToolsVersion = 13.3;
					};
				};
			};
			buildConfigurationList = 558DB17A289A57D800CF2B05 /* Build configuration list for PBXProject "SurfSummerSchoolProject" */;
			compatibilityVersion = "Xcode 13.0";
			developmentRegion = en;
			hasScannedForEncodings = 0;
			knownRegions = (
				en,
				Base,
			);
			mainGroup = 558DB176289A57D800CF2B05;
			productRefGroup = 558DB180289A57D900CF2B05 /* Products */;
			projectDirPath = "";
			projectRoot = "";
			targets = (
				558DB17E289A57D900CF2B05 /* SurfSummerSchoolProject */,
			);
		};
/* End PBXProject section */

/* Begin PBXResourcesBuildPhase section */
		558DB17D289A57D900CF2B05 /* Resources */ = {
			isa = PBXResourcesBuildPhase;
			buildActionMask = 2147483647;
			files = (
				558DB18F289A57DB00CF2B05 /* LaunchScreen.storyboard in Resources */,
				558DB18C289A57DB00CF2B05 /* Assets.xcassets in Resources */,
				558DB1B5289BAD8E00CF2B05 /* SearchViewController.xib in Resources */,
				55EAB9F9289FDE3A00D608B1 /* DetailViewController.xib in Resources */,
				55EAB9F4289F006E00D608B1 /* MainItemCollectionViewCell.xib in Resources */,
				558DB1A5289A720D00CF2B05 /* FavoriteViewController.xib in Resources */,
				558DB19D289A6A7600CF2B05 /* ProfileViewController.xib in Resources */,
				558DB199289A68BC00CF2B05 /* MainViewController.xib in Resources */,
			);
			runOnlyForDeploymentPostprocessing = 0;
		};
/* End PBXResourcesBuildPhase section */

/* Begin PBXSourcesBuildPhase section */
		558DB17B289A57D900CF2B05 /* Sources */ = {
			isa = PBXSourcesBuildPhase;
			buildActionMask = 2147483647;
			files = (
				55EAB9ED289EF5FF00D608B1 /* MainModel.swift in Sources */,
				558DB183289A57D900CF2B05 /* AppDelegate.swift in Sources */,
				558DB1A9289A72CE00CF2B05 /* TabBarModel.swift in Sources */,
				558DB1B4289BAD8E00CF2B05 /* SearchViewController.swift in Sources */,
				558DB19C289A6A7600CF2B05 /* ProfileViewController.swift in Sources */,
				558DB1A4289A720D00CF2B05 /* FavoriteViewController.swift in Sources */,
				558DB1AB289A91A100CF2B05 /* TabBarConfigurator.swift in Sources */,
				55EAB9F8289FDE3A00D608B1 /* DetailViewController.swift in Sources */,
				55EAB9F3289F006E00D608B1 /* MainItemCollectionViewCell.swift in Sources */,
				558DB198289A68BC00CF2B05 /* MainViewController.swift in Sources */,
			);
			runOnlyForDeploymentPostprocessing = 0;
		};
/* End PBXSourcesBuildPhase section */

/* Begin PBXVariantGroup section */
		558DB18D289A57DB00CF2B05 /* LaunchScreen.storyboard */ = {
			isa = PBXVariantGroup;
			children = (
				558DB18E289A57DB00CF2B05 /* Base */,
			);
			name = LaunchScreen.storyboard;
			sourceTree = "<group>";
		};
/* End PBXVariantGroup section */

/* Begin XCBuildConfiguration section */
		558DB191289A57DB00CF2B05 /* Debug */ = {
			isa = XCBuildConfiguration;
			buildSettings = {
				ALWAYS_SEARCH_USER_PATHS = NO;
				CLANG_ANALYZER_NONNULL = YES;
				CLANG_ANALYZER_NUMBER_OBJECT_CONVERSION = YES_AGGRESSIVE;
				CLANG_CXX_LANGUAGE_STANDARD = "gnu++17";
				CLANG_ENABLE_MODULES = YES;
				CLANG_ENABLE_OBJC_ARC = YES;
				CLANG_ENABLE_OBJC_WEAK = YES;
				CLANG_WARN_BLOCK_CAPTURE_AUTORELEASING = YES;
				CLANG_WARN_BOOL_CONVERSION = YES;
				CLANG_WARN_COMMA = YES;
				CLANG_WARN_CONSTANT_CONVERSION = YES;
				CLANG_WARN_DEPRECATED_OBJC_IMPLEMENTATIONS = YES;
				CLANG_WARN_DIRECT_OBJC_ISA_USAGE = YES_ERROR;
				CLANG_WARN_DOCUMENTATION_COMMENTS = YES;
				CLANG_WARN_EMPTY_BODY = YES;
				CLANG_WARN_ENUM_CONVERSION = YES;
				CLANG_WARN_INFINITE_RECURSION = YES;
				CLANG_WARN_INT_CONVERSION = YES;
				CLANG_WARN_NON_LITERAL_NULL_CONVERSION = YES;
				CLANG_WARN_OBJC_IMPLICIT_RETAIN_SELF = YES;
				CLANG_WARN_OBJC_LITERAL_CONVERSION = YES;
				CLANG_WARN_OBJC_ROOT_CLASS = YES_ERROR;
				CLANG_WARN_QUOTED_INCLUDE_IN_FRAMEWORK_HEADER = YES;
				CLANG_WARN_RANGE_LOOP_ANALYSIS = YES;
				CLANG_WARN_STRICT_PROTOTYPES = YES;
				CLANG_WARN_SUSPICIOUS_MOVE = YES;
				CLANG_WARN_UNGUARDED_AVAILABILITY = YES_AGGRESSIVE;
				CLANG_WARN_UNREACHABLE_CODE = YES;
				CLANG_WARN__DUPLICATE_METHOD_MATCH = YES;
				COPY_PHASE_STRIP = NO;
				DEBUG_INFORMATION_FORMAT = dwarf;
				ENABLE_STRICT_OBJC_MSGSEND = YES;
				ENABLE_TESTABILITY = YES;
				GCC_C_LANGUAGE_STANDARD = gnu11;
				GCC_DYNAMIC_NO_PIC = NO;
				GCC_NO_COMMON_BLOCKS = YES;
				GCC_OPTIMIZATION_LEVEL = 0;
				GCC_PREPROCESSOR_DEFINITIONS = (
					"DEBUG=1",
					"$(inherited)",
				);
				GCC_WARN_64_TO_32_BIT_CONVERSION = YES;
				GCC_WARN_ABOUT_RETURN_TYPE = YES_ERROR;
				GCC_WARN_UNDECLARED_SELECTOR = YES;
				GCC_WARN_UNINITIALIZED_AUTOS = YES_AGGRESSIVE;
				GCC_WARN_UNUSED_FUNCTION = YES;
				GCC_WARN_UNUSED_VARIABLE = YES;
				IPHONEOS_DEPLOYMENT_TARGET = 15.4;
				MTL_ENABLE_DEBUG_INFO = INCLUDE_SOURCE;
				MTL_FAST_MATH = YES;
				ONLY_ACTIVE_ARCH = YES;
				SDKROOT = iphoneos;
				SWIFT_ACTIVE_COMPILATION_CONDITIONS = DEBUG;
				SWIFT_OPTIMIZATION_LEVEL = "-Onone";
			};
			name = Debug;
		};
		558DB192289A57DB00CF2B05 /* Release */ = {
			isa = XCBuildConfiguration;
			buildSettings = {
				ALWAYS_SEARCH_USER_PATHS = NO;
				CLANG_ANALYZER_NONNULL = YES;
				CLANG_ANALYZER_NUMBER_OBJECT_CONVERSION = YES_AGGRESSIVE;
				CLANG_CXX_LANGUAGE_STANDARD = "gnu++17";
				CLANG_ENABLE_MODULES = YES;
				CLANG_ENABLE_OBJC_ARC = YES;
				CLANG_ENABLE_OBJC_WEAK = YES;
				CLANG_WARN_BLOCK_CAPTURE_AUTORELEASING = YES;
				CLANG_WARN_BOOL_CONVERSION = YES;
				CLANG_WARN_COMMA = YES;
				CLANG_WARN_CONSTANT_CONVERSION = YES;
				CLANG_WARN_DEPRECATED_OBJC_IMPLEMENTATIONS = YES;
				CLANG_WARN_DIRECT_OBJC_ISA_USAGE = YES_ERROR;
				CLANG_WARN_DOCUMENTATION_COMMENTS = YES;
				CLANG_WARN_EMPTY_BODY = YES;
				CLANG_WARN_ENUM_CONVERSION = YES;
				CLANG_WARN_INFINITE_RECURSION = YES;
				CLANG_WARN_INT_CONVERSION = YES;
				CLANG_WARN_NON_LITERAL_NULL_CONVERSION = YES;
				CLANG_WARN_OBJC_IMPLICIT_RETAIN_SELF = YES;
				CLANG_WARN_OBJC_LITERAL_CONVERSION = YES;
				CLANG_WARN_OBJC_ROOT_CLASS = YES_ERROR;
				CLANG_WARN_QUOTED_INCLUDE_IN_FRAMEWORK_HEADER = YES;
				CLANG_WARN_RANGE_LOOP_ANALYSIS = YES;
				CLANG_WARN_STRICT_PROTOTYPES = YES;
				CLANG_WARN_SUSPICIOUS_MOVE = YES;
				CLANG_WARN_UNGUARDED_AVAILABILITY = YES_AGGRESSIVE;
				CLANG_WARN_UNREACHABLE_CODE = YES;
				CLANG_WARN__DUPLICATE_METHOD_MATCH = YES;
				COPY_PHASE_STRIP = NO;
				DEBUG_INFORMATION_FORMAT = "dwarf-with-dsym";
				ENABLE_NS_ASSERTIONS = NO;
				ENABLE_STRICT_OBJC_MSGSEND = YES;
				GCC_C_LANGUAGE_STANDARD = gnu11;
				GCC_NO_COMMON_BLOCKS = YES;
				GCC_WARN_64_TO_32_BIT_CONVERSION = YES;
				GCC_WARN_ABOUT_RETURN_TYPE = YES_ERROR;
				GCC_WARN_UNDECLARED_SELECTOR = YES;
				GCC_WARN_UNINITIALIZED_AUTOS = YES_AGGRESSIVE;
				GCC_WARN_UNUSED_FUNCTION = YES;
				GCC_WARN_UNUSED_VARIABLE = YES;
				IPHONEOS_DEPLOYMENT_TARGET = 15.4;
				MTL_ENABLE_DEBUG_INFO = NO;
				MTL_FAST_MATH = YES;
				SDKROOT = iphoneos;
				SWIFT_COMPILATION_MODE = wholemodule;
				SWIFT_OPTIMIZATION_LEVEL = "-O";
				VALIDATE_PRODUCT = YES;
			};
			name = Release;
		};
		558DB194289A57DB00CF2B05 /* Debug */ = {
			isa = XCBuildConfiguration;
			buildSettings = {
				ASSETCATALOG_COMPILER_APPICON_NAME = AppIcon;
				ASSETCATALOG_COMPILER_GLOBAL_ACCENT_COLOR_NAME = AccentColor;
				CODE_SIGN_STYLE = Automatic;
				CURRENT_PROJECT_VERSION = 1;
				GENERATE_INFOPLIST_FILE = YES;
				INFOPLIST_FILE = SurfSummerSchoolProject/Application/Info.plist;
				INFOPLIST_KEY_UIApplicationSupportsIndirectInputEvents = YES;
				INFOPLIST_KEY_UILaunchStoryboardName = LaunchScreen;
				INFOPLIST_KEY_UISupportedInterfaceOrientations_iPad = "UIInterfaceOrientationPortrait UIInterfaceOrientationPortraitUpsideDown UIInterfaceOrientationLandscapeLeft UIInterfaceOrientationLandscapeRight";
				INFOPLIST_KEY_UISupportedInterfaceOrientations_iPhone = "UIInterfaceOrientationPortrait UIInterfaceOrientationLandscapeLeft UIInterfaceOrientationLandscapeRight";
				LD_RUNPATH_SEARCH_PATHS = (
					"$(inherited)",
					"@executable_path/Frameworks",
				);
				MARKETING_VERSION = 1.0;
				PRODUCT_BUNDLE_IDENTIFIER = myPetProject.SurfSummerSchoolProject;
				PRODUCT_NAME = "$(TARGET_NAME)";
				SWIFT_EMIT_LOC_STRINGS = YES;
				SWIFT_VERSION = 5.0;
				TARGETED_DEVICE_FAMILY = "1,2";
			};
			name = Debug;
		};
		558DB195289A57DB00CF2B05 /* Release */ = {
			isa = XCBuildConfiguration;
			buildSettings = {
				ASSETCATALOG_COMPILER_APPICON_NAME = AppIcon;
				ASSETCATALOG_COMPILER_GLOBAL_ACCENT_COLOR_NAME = AccentColor;
				CODE_SIGN_STYLE = Automatic;
				CURRENT_PROJECT_VERSION = 1;
				GENERATE_INFOPLIST_FILE = YES;
				INFOPLIST_FILE = SurfSummerSchoolProject/Application/Info.plist;
				INFOPLIST_KEY_UIApplicationSupportsIndirectInputEvents = YES;
				INFOPLIST_KEY_UILaunchStoryboardName = LaunchScreen;
				INFOPLIST_KEY_UISupportedInterfaceOrientations_iPad = "UIInterfaceOrientationPortrait UIInterfaceOrientationPortraitUpsideDown UIInterfaceOrientationLandscapeLeft UIInterfaceOrientationLandscapeRight";
				INFOPLIST_KEY_UISupportedInterfaceOrientations_iPhone = "UIInterfaceOrientationPortrait UIInterfaceOrientationLandscapeLeft UIInterfaceOrientationLandscapeRight";
				LD_RUNPATH_SEARCH_PATHS = (
					"$(inherited)",
					"@executable_path/Frameworks",
				);
				MARKETING_VERSION = 1.0;
				PRODUCT_BUNDLE_IDENTIFIER = myPetProject.SurfSummerSchoolProject;
				PRODUCT_NAME = "$(TARGET_NAME)";
				SWIFT_EMIT_LOC_STRINGS = YES;
				SWIFT_VERSION = 5.0;
				TARGETED_DEVICE_FAMILY = "1,2";
			};
			name = Release;
		};
/* End XCBuildConfiguration section */

/* Begin XCConfigurationList section */
		558DB17A289A57D800CF2B05 /* Build configuration list for PBXProject "SurfSummerSchoolProject" */ = {
			isa = XCConfigurationList;
			buildConfigurations = (
				558DB191289A57DB00CF2B05 /* Debug */,
				558DB192289A57DB00CF2B05 /* Release */,
			);
			defaultConfigurationIsVisible = 0;
			defaultConfigurationName = Release;
		};
		558DB193289A57DB00CF2B05 /* Build configuration list for PBXNativeTarget "SurfSummerSchoolProject" */ = {
			isa = XCConfigurationList;
			buildConfigurations = (
				558DB194289A57DB00CF2B05 /* Debug */,
				558DB195289A57DB00CF2B05 /* Release */,
			);
			defaultConfigurationIsVisible = 0;
			defaultConfigurationName = Release;
		};
/* End XCConfigurationList section */
	};
	rootObject = 558DB177289A57D800CF2B05 /* Project object */;
}
